
Microsoft Visual Studio Solution File, Format Version 12.00
# Visual Studio Version 17
VisualStudioVersion = 17.10.34707.107
MinimumVisualStudioVersion = 10.0.40219.1
Project("{2150E333-8FDC-42A3-9474-1A3956D46DE8}") = "src", "src", "{FD1C46B3-49A6-41AB-9B20-7DA74FB75539}"
EndProject
Project("{9A19103F-16F7-4668-BE54-9A1E7A4F7556}") = "Bigisoft.Ecommerce.Server", "src\Bigisoft.Ecommerce.Server\Bigisoft.Ecommerce.Server.csproj", "{63C704BB-CC32-43D2-8AD1-438372825A2F}"
EndProject
Project("{54A90642-561A-4BB1-A94E-469ADEE60C69}") = "Bigisoft.Ecommerce.Client", "src\Bigisoft.Ecommerce.Client\Bigisoft.Ecommerce.Client.esproj", "{C7F907C1-F52A-427C-838D-C90669ACBB2C}"
EndProject
Project("{2150E333-8FDC-42A3-9474-1A3956D46DE8}") = "Solution Items", "Solution Items", "{97A64356-B76F-4E49-A4ED-2F9FA252DE9F}"
	ProjectSection(SolutionItems) = preProject
		.gitignore = .gitignore
		global.json = global.json
		README.md = README.md
		.editorconfig = .editorconfig
	EndProjectSection
EndProject
Global
	GlobalSection(SolutionConfigurationPlatforms) = preSolution
		Debug|Any CPU = Debug|Any CPU
		Debug|x64 = Debug|x64
		Debug|x86 = Debug|x86
		Release|Any CPU = Release|Any CPU
		Release|x64 = Release|x64
		Release|x86 = Release|x86
	EndGlobalSection
	GlobalSection(ProjectConfigurationPlatforms) = postSolution
		{63C704BB-CC32-43D2-8AD1-438372825A2F}.Debug|Any CPU.ActiveCfg = Debug|Any CPU
		{63C704BB-CC32-43D2-8AD1-438372825A2F}.Debug|Any CPU.Build.0 = Debug|Any CPU
		{63C704BB-CC32-43D2-8AD1-438372825A2F}.Debug|x64.ActiveCfg = Debug|Any CPU
		{63C704BB-CC32-43D2-8AD1-438372825A2F}.Debug|x64.Build.0 = Debug|Any CPU
		{63C704BB-CC32-43D2-8AD1-438372825A2F}.Debug|x86.ActiveCfg = Debug|Any CPU
		{63C704BB-CC32-43D2-8AD1-438372825A2F}.Debug|x86.Build.0 = Debug|Any CPU
		{63C704BB-CC32-43D2-8AD1-438372825A2F}.Release|Any CPU.ActiveCfg = Release|Any CPU
		{63C704BB-CC32-43D2-8AD1-438372825A2F}.Release|Any CPU.Build.0 = Release|Any CPU
		{63C704BB-CC32-43D2-8AD1-438372825A2F}.Release|x64.ActiveCfg = Release|Any CPU
		{63C704BB-CC32-43D2-8AD1-438372825A2F}.Release|x64.Build.0 = Release|Any CPU
		{63C704BB-CC32-43D2-8AD1-438372825A2F}.Release|x86.ActiveCfg = Release|Any CPU
		{63C704BB-CC32-43D2-8AD1-438372825A2F}.Release|x86.Build.0 = Release|Any CPU
		{C7F907C1-F52A-427C-838D-C90669ACBB2C}.Debug|Any CPU.ActiveCfg = Debug|Any CPU
		{C7F907C1-F52A-427C-838D-C90669ACBB2C}.Debug|Any CPU.Build.0 = Debug|Any CPU
		{C7F907C1-F52A-427C-838D-C90669ACBB2C}.Debug|Any CPU.Deploy.0 = Debug|Any CPU
		{C7F907C1-F52A-427C-838D-C90669ACBB2C}.Debug|x64.ActiveCfg = Debug|Any CPU
		{C7F907C1-F52A-427C-838D-C90669ACBB2C}.Debug|x64.Build.0 = Debug|Any CPU
		{C7F907C1-F52A-427C-838D-C90669ACBB2C}.Debug|x64.Deploy.0 = Debug|Any CPU
		{C7F907C1-F52A-427C-838D-C90669ACBB2C}.Debug|x86.ActiveCfg = Debug|Any CPU
		{C7F907C1-F52A-427C-838D-C90669ACBB2C}.Debug|x86.Build.0 = Debug|Any CPU
		{C7F907C1-F52A-427C-838D-C90669ACBB2C}.Debug|x86.Deploy.0 = Debug|Any CPU
		{C7F907C1-F52A-427C-838D-C90669ACBB2C}.Release|Any CPU.ActiveCfg = Release|Any CPU
		{C7F907C1-F52A-427C-838D-C90669ACBB2C}.Release|Any CPU.Build.0 = Release|Any CPU
		{C7F907C1-F52A-427C-838D-C90669ACBB2C}.Release|Any CPU.Deploy.0 = Release|Any CPU
		{C7F907C1-F52A-427C-838D-C90669ACBB2C}.Release|x64.ActiveCfg = Release|Any CPU
		{C7F907C1-F52A-427C-838D-C90669ACBB2C}.Release|x64.Build.0 = Release|Any CPU
		{C7F907C1-F52A-427C-838D-C90669ACBB2C}.Release|x64.Deploy.0 = Release|Any CPU
		{C7F907C1-F52A-427C-838D-C90669ACBB2C}.Release|x86.ActiveCfg = Release|Any CPU
		{C7F907C1-F52A-427C-838D-C90669ACBB2C}.Release|x86.Build.0 = Release|Any CPU
		{C7F907C1-F52A-427C-838D-C90669ACBB2C}.Release|x86.Deploy.0 = Release|Any CPU
	EndGlobalSection
	GlobalSection(SolutionProperties) = preSolution
		HideSolutionNode = FALSE
	EndGlobalSection
	GlobalSection(NestedProjects) = preSolution
		{63C704BB-CC32-43D2-8AD1-438372825A2F} = {FD1C46B3-49A6-41AB-9B20-7DA74FB75539}
		{C7F907C1-F52A-427C-838D-C90669ACBB2C} = {FD1C46B3-49A6-41AB-9B20-7DA74FB75539}
	EndGlobalSection
	GlobalSection(ExtensibilityGlobals) = postSolution
		SolutionGuid = {45769B93-2118-4BC0-8AC4-D5552EEC0F98}
	EndGlobalSection
EndGlobal
